
Microsoft Visual Studio Solution File, Format Version 12.00
# Visual Studio Version 17
VisualStudioVersion = 17.11.35222.181
MinimumVisualStudioVersion = 10.0.40219.1
Project("{FAE04EC0-301F-11D3-BF4B-00C04F79EFBC}") = "SupermarketWEB", "SupermarketWEB.csproj", "{433CBC78-6D22-4B04-B517-47AE103FCE31}"
EndProject
Global
	GlobalSection(SolutionConfigurationPlatforms) = preSolution
		Debug|Any CPU = Debug|Any CPU
		Release|Any CPU = Release|Any CPU
	EndGlobalSection
	GlobalSection(ProjectConfigurationPlatforms) = postSolution
		{433CBC78-6D22-4B04-B517-47AE103FCE31}.Debug|Any CPU.ActiveCfg = Debug|Any CPU
		{433CBC78-6D22-4B04-B517-47AE103FCE31}.Debug|Any CPU.Build.0 = Debug|Any CPU
		{433CBC78-6D22-4B04-B517-47AE103FCE31}.Release|Any CPU.ActiveCfg = Release|Any CPU
		{433CBC78-6D22-4B04-B517-47AE103FCE31}.Release|Any CPU.Build.0 = Release|Any CPU
	EndGlobalSection
	GlobalSection(SolutionProperties) = preSolution
		HideSolutionNode = FALSE
	EndGlobalSection
	GlobalSection(ExtensibilityGlobals) = postSolution
		SolutionGuid = {7355AC84-B254-4E49-98D1-AA26F2F4D335}
	EndGlobalSection
EndGlobal
